
Microsoft Visual Studio Solution File, Format Version 12.00
# Visual Studio Version 17
VisualStudioVersion = 17.12.35707.178
MinimumVisualStudioVersion = 10.0.40219.1
Project("{FAE04EC0-301F-11D3-BF4B-00C04F79EFBC}") = "S1", "S1\S1.csproj", "{9DCC9732-5C29-4376-9E2C-F2F29D9CD1FF}"
EndProject
Project("{FAE04EC0-301F-11D3-BF4B-00C04F79EFBC}") = "S2", "S2P1\S2.csproj", "{DAEEF6C9-58CF-4CCC-B2D6-526AE7B7986A}"
EndProject
Project("{FAE04EC0-301F-11D3-BF4B-00C04F79EFBC}") = "S2P2", "S2P2\S2P2.csproj", "{3F879EB2-2697-4031-8C5C-C19E901E6D93}"
EndProject
Project("{FAE04EC0-301F-11D3-BF4B-00C04F79EFBC}") = "S2P3", "S2P3\S2P3.csproj", "{B7D48022-207B-479A-884F-7C56454AFFAA}"
EndProject
Project("{FAE04EC0-301F-11D3-BF4B-00C04F79EFBC}") = "S3", "S3P1\S3.csproj", "{9EA18E48-D562-4B50-B8E6-0B9C82882BB2}"
EndProject
Project("{FAE04EC0-301F-11D3-BF4B-00C04F79EFBC}") = "S3P2", "S3P2\S3P2.csproj", "{6B1CAA9C-9C36-45BA-BAD9-B9A857986493}"
EndProject
Project("{FAE04EC0-301F-11D3-BF4B-00C04F79EFBC}") = "S3P3", "S3P3\S3P3.csproj", "{6C3F8406-5FBB-48E2-B041-CB608320B50C}"
EndProject
Project("{FAE04EC0-301F-11D3-BF4B-00C04F79EFBC}") = "S4P1", "S4P1\S4P1.csproj", "{22D0E545-80C7-45EF-BA5D-828C2F4061EF}"
EndProject
Project("{FAE04EC0-301F-11D3-BF4B-00C04F79EFBC}") = "S4P2", "S4P2\S4P2.csproj", "{E1F14497-7606-4326-B698-BAD469EA97E1}"
EndProject
Project("{FAE04EC0-301F-11D3-BF4B-00C04F79EFBC}") = "S4For", "S4For\S4For.csproj", "{BD41844B-6EFA-402A-87B4-6F854DFF1082}"
EndProject
Project("{FAE04EC0-301F-11D3-BF4B-00C04F79EFBC}") = "S4Figuras", "S4Foreach\S4Figuras.csproj", "{1C8A18ED-D0E1-4140-B09A-CF00B81ECF5D}"
EndProject
Project("{FAE04EC0-301F-11D3-BF4B-00C04F79EFBC}") = "S4For_each", "S4For_each\S4For_each.csproj", "{6B421A26-534A-4BC6-8796-2AE99B5588EE}"
EndProject
Project("{FAE04EC0-301F-11D3-BF4B-00C04F79EFBC}") = "S4Ejercicio6_3", "S4Ejercicio6_3\S4Ejercicio6_3.csproj", "{3DE21E5E-17CE-49D6-B1E8-D62DA72382DC}"
EndProject
Project("{FAE04EC0-301F-11D3-BF4B-00C04F79EFBC}") = "S4Ejercicio6_5", "S4Ejercicio6_5\S4Ejercicio6_5.csproj", "{F3A07452-129B-47AD-A37A-DDD93EA83531}"
EndProject
Project("{FAE04EC0-301F-11D3-BF4B-00C04F79EFBC}") = "S4Array", "S4Array\S4Array.csproj", "{9D0DD817-3B76-4437-ABAF-FBA8291C6D8C}"
EndProject
Project("{FAE04EC0-301F-11D3-BF4B-00C04F79EFBC}") = "S5E7_5", "S5E7_5\S5E7_5.csproj", "{AC833E54-AF80-4965-865D-135C9B9CC0BE}"
EndProject
Project("{FAE04EC0-301F-11D3-BF4B-00C04F79EFBC}") = "S5E7_6", "S5E6_6\S5E7_6.csproj", "{BA6A1297-18AF-4D7A-9C49-64728A903F05}"
EndProject
Project("{FAE04EC0-301F-11D3-BF4B-00C04F79EFBC}") = "S6Metodos", "S6Metodos\S6Metodos.csproj", "{9497B5AA-DD6A-487E-8BBB-A4619B0B30D8}"
EndProject
Project("{FAE04EC0-301F-11D3-BF4B-00C04F79EFBC}") = "S6GUI", "S6Objetos\S6GUI.csproj", "{A6475DDC-8315-4A40-BB37-35FC4F2F9583}"
EndProject
Project("{FAE04EC0-301F-11D3-BF4B-00C04F79EFBC}") = "S7", "S7\S7.csproj", "{C38664EF-979D-499C-B3A8-F08E18D48FE0}"
EndProject
Project("{FAE04EC0-301F-11D3-BF4B-00C04F79EFBC}") = "GUI", "GUI\GUI.csproj", "{EC35F364-FB00-45E9-B00E-B35616675DBE}"
EndProject
Project("{FAE04EC0-301F-11D3-BF4B-00C04F79EFBC}") = "S8P1", "S8P1\S8P1.csproj", "{24F9C571-E311-4206-82FF-C83E9FB9ACE6}"
EndProject
Project("{FAE04EC0-301F-11D3-BF4B-00C04F79EFBC}") = "S8P2", "S8P2\S8P2.csproj", "{4633D150-71A6-4F4F-9AB7-15E48CB0B64F}"
EndProject
Project("{FAE04EC0-301F-11D3-BF4B-00C04F79EFBC}") = "S9Pauta1_2", "S9Ex1_2\S9Pauta1_2.csproj", "{6C5C45E3-21C0-40A9-8D05-68BA7B93FD4A}"
EndProject
Project("{FAE04EC0-301F-11D3-BF4B-00C04F79EFBC}") = "S9_Ex12_7", "S9_Ex12_7\S9_Ex12_7.csproj", "{AB647356-A2FB-4353-98D7-EA2E19B1EBB9}"
EndProject
Project("{FAE04EC0-301F-11D3-BF4B-00C04F79EFBC}") = "S9bubbleup", "S9bubbleup\S9bubbleup.csproj", "{45CB4C3C-FC19-417D-9BA9-784C86B44930}"
EndProject
Project("{FAE04EC0-301F-11D3-BF4B-00C04F79EFBC}") = "S9Obj", "S9Obj\S9Obj.csproj", "{CED81BF3-0722-43F1-9C25-60909DB2F5A1}"
EndProject
Global
	GlobalSection(SolutionConfigurationPlatforms) = preSolution
		Debug|Any CPU = Debug|Any CPU
		Release|Any CPU = Release|Any CPU
	EndGlobalSection
	GlobalSection(ProjectConfigurationPlatforms) = postSolution
		{9DCC9732-5C29-4376-9E2C-F2F29D9CD1FF}.Debug|Any CPU.ActiveCfg = Debug|Any CPU
		{9DCC9732-5C29-4376-9E2C-F2F29D9CD1FF}.Debug|Any CPU.Build.0 = Debug|Any CPU
		{9DCC9732-5C29-4376-9E2C-F2F29D9CD1FF}.Release|Any CPU.ActiveCfg = Release|Any CPU
		{9DCC9732-5C29-4376-9E2C-F2F29D9CD1FF}.Release|Any CPU.Build.0 = Release|Any CPU
		{DAEEF6C9-58CF-4CCC-B2D6-526AE7B7986A}.Debug|Any CPU.ActiveCfg = Debug|Any CPU
		{DAEEF6C9-58CF-4CCC-B2D6-526AE7B7986A}.Debug|Any CPU.Build.0 = Debug|Any CPU
		{DAEEF6C9-58CF-4CCC-B2D6-526AE7B7986A}.Release|Any CPU.ActiveCfg = Release|Any CPU
		{DAEEF6C9-58CF-4CCC-B2D6-526AE7B7986A}.Release|Any CPU.Build.0 = Release|Any CPU
		{3F879EB2-2697-4031-8C5C-C19E901E6D93}.Debug|Any CPU.ActiveCfg = Debug|Any CPU
		{3F879EB2-2697-4031-8C5C-C19E901E6D93}.Debug|Any CPU.Build.0 = Debug|Any CPU
		{3F879EB2-2697-4031-8C5C-C19E901E6D93}.Release|Any CPU.ActiveCfg = Release|Any CPU
		{3F879EB2-2697-4031-8C5C-C19E901E6D93}.Release|Any CPU.Build.0 = Release|Any CPU
		{B7D48022-207B-479A-884F-7C56454AFFAA}.Debug|Any CPU.ActiveCfg = Debug|Any CPU
		{B7D48022-207B-479A-884F-7C56454AFFAA}.Debug|Any CPU.Build.0 = Debug|Any CPU
		{B7D48022-207B-479A-884F-7C56454AFFAA}.Release|Any CPU.ActiveCfg = Release|Any CPU
		{B7D48022-207B-479A-884F-7C56454AFFAA}.Release|Any CPU.Build.0 = Release|Any CPU
		{9EA18E48-D562-4B50-B8E6-0B9C82882BB2}.Debug|Any CPU.ActiveCfg = Debug|Any CPU
		{9EA18E48-D562-4B50-B8E6-0B9C82882BB2}.Debug|Any CPU.Build.0 = Debug|Any CPU
		{9EA18E48-D562-4B50-B8E6-0B9C82882BB2}.Release|Any CPU.ActiveCfg = Release|Any CPU
		{9EA18E48-D562-4B50-B8E6-0B9C82882BB2}.Release|Any CPU.Build.0 = Release|Any CPU
		{6B1CAA9C-9C36-45BA-BAD9-B9A857986493}.Debug|Any CPU.ActiveCfg = Debug|Any CPU
		{6B1CAA9C-9C36-45BA-BAD9-B9A857986493}.Debug|Any CPU.Build.0 = Debug|Any CPU
		{6B1CAA9C-9C36-45BA-BAD9-B9A857986493}.Release|Any CPU.ActiveCfg = Release|Any CPU
		{6B1CAA9C-9C36-45BA-BAD9-B9A857986493}.Release|Any CPU.Build.0 = Release|Any CPU
		{6C3F8406-5FBB-48E2-B041-CB608320B50C}.Debug|Any CPU.ActiveCfg = Debug|Any CPU
		{6C3F8406-5FBB-48E2-B041-CB608320B50C}.Debug|Any CPU.Build.0 = Debug|Any CPU
		{6C3F8406-5FBB-48E2-B041-CB608320B50C}.Release|Any CPU.ActiveCfg = Release|Any CPU
		{6C3F8406-5FBB-48E2-B041-CB608320B50C}.Release|Any CPU.Build.0 = Release|Any CPU
		{22D0E545-80C7-45EF-BA5D-828C2F4061EF}.Debug|Any CPU.ActiveCfg = Debug|Any CPU
		{22D0E545-80C7-45EF-BA5D-828C2F4061EF}.Debug|Any CPU.Build.0 = Debug|Any CPU
		{22D0E545-80C7-45EF-BA5D-828C2F4061EF}.Release|Any CPU.ActiveCfg = Release|Any CPU
		{22D0E545-80C7-45EF-BA5D-828C2F4061EF}.Release|Any CPU.Build.0 = Release|Any CPU
		{E1F14497-7606-4326-B698-BAD469EA97E1}.Debug|Any CPU.ActiveCfg = Debug|Any CPU
		{E1F14497-7606-4326-B698-BAD469EA97E1}.Debug|Any CPU.Build.0 = Debug|Any CPU
		{E1F14497-7606-4326-B698-BAD469EA97E1}.Release|Any CPU.ActiveCfg = Release|Any CPU
		{E1F14497-7606-4326-B698-BAD469EA97E1}.Release|Any CPU.Build.0 = Release|Any CPU
		{BD41844B-6EFA-402A-87B4-6F854DFF1082}.Debug|Any CPU.ActiveCfg = Debug|Any CPU
		{BD41844B-6EFA-402A-87B4-6F854DFF1082}.Debug|Any CPU.Build.0 = Debug|Any CPU
		{BD41844B-6EFA-402A-87B4-6F854DFF1082}.Release|Any CPU.ActiveCfg = Release|Any CPU
		{BD41844B-6EFA-402A-87B4-6F854DFF1082}.Release|Any CPU.Build.0 = Release|Any CPU
		{1C8A18ED-D0E1-4140-B09A-CF00B81ECF5D}.Debug|Any CPU.ActiveCfg = Debug|Any CPU
		{1C8A18ED-D0E1-4140-B09A-CF00B81ECF5D}.Debug|Any CPU.Build.0 = Debug|Any CPU
		{1C8A18ED-D0E1-4140-B09A-CF00B81ECF5D}.Release|Any CPU.ActiveCfg = Release|Any CPU
		{1C8A18ED-D0E1-4140-B09A-CF00B81ECF5D}.Release|Any CPU.Build.0 = Release|Any CPU
		{6B421A26-534A-4BC6-8796-2AE99B5588EE}.Debug|Any CPU.ActiveCfg = Debug|Any CPU
		{6B421A26-534A-4BC6-8796-2AE99B5588EE}.Debug|Any CPU.Build.0 = Debug|Any CPU
		{6B421A26-534A-4BC6-8796-2AE99B5588EE}.Release|Any CPU.ActiveCfg = Release|Any CPU
		{6B421A26-534A-4BC6-8796-2AE99B5588EE}.Release|Any CPU.Build.0 = Release|Any CPU
		{3DE21E5E-17CE-49D6-B1E8-D62DA72382DC}.Debug|Any CPU.ActiveCfg = Debug|Any CPU
		{3DE21E5E-17CE-49D6-B1E8-D62DA72382DC}.Debug|Any CPU.Build.0 = Debug|Any CPU
		{3DE21E5E-17CE-49D6-B1E8-D62DA72382DC}.Release|Any CPU.ActiveCfg = Release|Any CPU
		{3DE21E5E-17CE-49D6-B1E8-D62DA72382DC}.Release|Any CPU.Build.0 = Release|Any CPU
		{F3A07452-129B-47AD-A37A-DDD93EA83531}.Debug|Any CPU.ActiveCfg = Debug|Any CPU
		{F3A07452-129B-47AD-A37A-DDD93EA83531}.Debug|Any CPU.Build.0 = Debug|Any CPU
		{F3A07452-129B-47AD-A37A-DDD93EA83531}.Release|Any CPU.ActiveCfg = Release|Any CPU
		{F3A07452-129B-47AD-A37A-DDD93EA83531}.Release|Any CPU.Build.0 = Release|Any CPU
		{9D0DD817-3B76-4437-ABAF-FBA8291C6D8C}.Debug|Any CPU.ActiveCfg = Debug|Any CPU
		{9D0DD817-3B76-4437-ABAF-FBA8291C6D8C}.Debug|Any CPU.Build.0 = Debug|Any CPU
		{9D0DD817-3B76-4437-ABAF-FBA8291C6D8C}.Release|Any CPU.ActiveCfg = Release|Any CPU
		{9D0DD817-3B76-4437-ABAF-FBA8291C6D8C}.Release|Any CPU.Build.0 = Release|Any CPU
		{AC833E54-AF80-4965-865D-135C9B9CC0BE}.Debug|Any CPU.ActiveCfg = Debug|Any CPU
		{AC833E54-AF80-4965-865D-135C9B9CC0BE}.Debug|Any CPU.Build.0 = Debug|Any CPU
		{AC833E54-AF80-4965-865D-135C9B9CC0BE}.Release|Any CPU.ActiveCfg = Release|Any CPU
		{AC833E54-AF80-4965-865D-135C9B9CC0BE}.Release|Any CPU.Build.0 = Release|Any CPU
		{BA6A1297-18AF-4D7A-9C49-64728A903F05}.Debug|Any CPU.ActiveCfg = Debug|Any CPU
		{BA6A1297-18AF-4D7A-9C49-64728A903F05}.Debug|Any CPU.Build.0 = Debug|Any CPU
		{BA6A1297-18AF-4D7A-9C49-64728A903F05}.Release|Any CPU.ActiveCfg = Release|Any CPU
		{BA6A1297-18AF-4D7A-9C49-64728A903F05}.Release|Any CPU.Build.0 = Release|Any CPU
		{9497B5AA-DD6A-487E-8BBB-A4619B0B30D8}.Debug|Any CPU.ActiveCfg = Debug|Any CPU
		{9497B5AA-DD6A-487E-8BBB-A4619B0B30D8}.Debug|Any CPU.Build.0 = Debug|Any CPU
		{9497B5AA-DD6A-487E-8BBB-A4619B0B30D8}.Release|Any CPU.ActiveCfg = Release|Any CPU
		{9497B5AA-DD6A-487E-8BBB-A4619B0B30D8}.Release|Any CPU.Build.0 = Release|Any CPU
		{A6475DDC-8315-4A40-BB37-35FC4F2F9583}.Debug|Any CPU.ActiveCfg = Debug|Any CPU
		{A6475DDC-8315-4A40-BB37-35FC4F2F9583}.Debug|Any CPU.Build.0 = Debug|Any CPU
		{A6475DDC-8315-4A40-BB37-35FC4F2F9583}.Release|Any CPU.ActiveCfg = Release|Any CPU
		{A6475DDC-8315-4A40-BB37-35FC4F2F9583}.Release|Any CPU.Build.0 = Release|Any CPU
		{C38664EF-979D-499C-B3A8-F08E18D48FE0}.Debug|Any CPU.ActiveCfg = Debug|Any CPU
		{C38664EF-979D-499C-B3A8-F08E18D48FE0}.Debug|Any CPU.Build.0 = Debug|Any CPU
		{C38664EF-979D-499C-B3A8-F08E18D48FE0}.Release|Any CPU.ActiveCfg = Release|Any CPU
		{C38664EF-979D-499C-B3A8-F08E18D48FE0}.Release|Any CPU.Build.0 = Release|Any CPU
		{EC35F364-FB00-45E9-B00E-B35616675DBE}.Debug|Any CPU.ActiveCfg = Debug|Any CPU
		{EC35F364-FB00-45E9-B00E-B35616675DBE}.Debug|Any CPU.Build.0 = Debug|Any CPU
		{EC35F364-FB00-45E9-B00E-B35616675DBE}.Release|Any CPU.ActiveCfg = Release|Any CPU
		{EC35F364-FB00-45E9-B00E-B35616675DBE}.Release|Any CPU.Build.0 = Release|Any CPU
		{24F9C571-E311-4206-82FF-C83E9FB9ACE6}.Debug|Any CPU.ActiveCfg = Debug|Any CPU
		{24F9C571-E311-4206-82FF-C83E9FB9ACE6}.Debug|Any CPU.Build.0 = Debug|Any CPU
		{24F9C571-E311-4206-82FF-C83E9FB9ACE6}.Release|Any CPU.ActiveCfg = Release|Any CPU
		{24F9C571-E311-4206-82FF-C83E9FB9ACE6}.Release|Any CPU.Build.0 = Release|Any CPU
		{4633D150-71A6-4F4F-9AB7-15E48CB0B64F}.Debug|Any CPU.ActiveCfg = Debug|Any CPU
		{4633D150-71A6-4F4F-9AB7-15E48CB0B64F}.Debug|Any CPU.Build.0 = Debug|Any CPU
		{4633D150-71A6-4F4F-9AB7-15E48CB0B64F}.Release|Any CPU.ActiveCfg = Release|Any CPU
		{4633D150-71A6-4F4F-9AB7-15E48CB0B64F}.Release|Any CPU.Build.0 = Release|Any CPU
		{6C5C45E3-21C0-40A9-8D05-68BA7B93FD4A}.Debug|Any CPU.ActiveCfg = Debug|Any CPU
		{6C5C45E3-21C0-40A9-8D05-68BA7B93FD4A}.Debug|Any CPU.Build.0 = Debug|Any CPU
		{6C5C45E3-21C0-40A9-8D05-68BA7B93FD4A}.Release|Any CPU.ActiveCfg = Release|Any CPU
		{6C5C45E3-21C0-40A9-8D05-68BA7B93FD4A}.Release|Any CPU.Build.0 = Release|Any CPU
		{AB647356-A2FB-4353-98D7-EA2E19B1EBB9}.Debug|Any CPU.ActiveCfg = Debug|Any CPU
		{AB647356-A2FB-4353-98D7-EA2E19B1EBB9}.Debug|Any CPU.Build.0 = Debug|Any CPU
		{AB647356-A2FB-4353-98D7-EA2E19B1EBB9}.Release|Any CPU.ActiveCfg = Release|Any CPU
		{AB647356-A2FB-4353-98D7-EA2E19B1EBB9}.Release|Any CPU.Build.0 = Release|Any CPU
		{45CB4C3C-FC19-417D-9BA9-784C86B44930}.Debug|Any CPU.ActiveCfg = Debug|Any CPU
		{45CB4C3C-FC19-417D-9BA9-784C86B44930}.Debug|Any CPU.Build.0 = Debug|Any CPU
		{45CB4C3C-FC19-417D-9BA9-784C86B44930}.Release|Any CPU.ActiveCfg = Release|Any CPU
		{45CB4C3C-FC19-417D-9BA9-784C86B44930}.Release|Any CPU.Build.0 = Release|Any CPU
		{CED81BF3-0722-43F1-9C25-60909DB2F5A1}.Debug|Any CPU.ActiveCfg = Debug|Any CPU
		{CED81BF3-0722-43F1-9C25-60909DB2F5A1}.Debug|Any CPU.Build.0 = Debug|Any CPU
		{CED81BF3-0722-43F1-9C25-60909DB2F5A1}.Release|Any CPU.ActiveCfg = Release|Any CPU
		{CED81BF3-0722-43F1-9C25-60909DB2F5A1}.Release|Any CPU.Build.0 = Release|Any CPU
	EndGlobalSection
	GlobalSection(SolutionProperties) = preSolution
		HideSolutionNode = FALSE
	EndGlobalSection
	GlobalSection(ExtensibilityGlobals) = postSolution
		SolutionGuid = {97FB06CF-E8AB-489F-872B-55EB0D85F422}
	EndGlobalSection
EndGlobal
